
Microsoft Visual Studio Solution File, Format Version 12.00
# Visual Studio Version 17
VisualStudioVersion = 17.3.32929.385
MinimumVisualStudioVersion = 10.0.40219.1
Project("{2150E333-8FDC-42A3-9474-1A3956D46DE8}") = "Application", "Application", "{99322108-8913-43E5-99FB-563A8911840B}"
EndProject
Project("{2150E333-8FDC-42A3-9474-1A3956D46DE8}") = "Infrastructure", "Infrastructure", "{DF93C282-7B82-479A-AC1C-D6949A01FACA}"
EndProject
Project("{9A19103F-16F7-4668-BE54-9A1E7A4F7556}") = "Conbent.IntegrationEventLogEF", "src\Infrastructure\IntegrationEventLogEF\Conbent.IntegrationEventLogEF.csproj", "{A46F01CE-A46E-4E20-919B-AF6F4EC29923}"
EndProject
Project("{9A19103F-16F7-4668-BE54-9A1E7A4F7556}") = "Identity.API", "src\Infrastructure\Identity.API\Identity.API.csproj", "{34D90FF4-1EA7-4132-A676-60601F9BEF88}"
EndProject
Project("{9A19103F-16F7-4668-BE54-9A1E7A4F7556}") = "Conbent.EventBusRabbitMQ", "src\Infrastructure\EventBusRabbitMQ\Conbent.EventBusRabbitMQ.csproj", "{FEA3587C-32C2-4A09-8CC5-7807E6CC61D9}"
EndProject
Project("{9A19103F-16F7-4668-BE54-9A1E7A4F7556}") = "Conbent.EventBus", "src\Infrastructure\EventBus\Conbent.EventBus.csproj", "{F1CC55C8-A7DE-4A7A-8A9B-0FCE9B657681}"
EndProject
Project("{9A19103F-16F7-4668-BE54-9A1E7A4F7556}") = "Conbent.Service.Defaults", "src\Infrastructure\ServiceDefaults\Conbent.Service.Defaults.csproj", "{3A2A9977-3275-4F69-8CCB-3222D10D1DEE}"
EndProject
Project("{9A19103F-16F7-4668-BE54-9A1E7A4F7556}") = "WebUi", "src\Application\WebUI\WebUi.csproj", "{2DA2437C-F561-4EA7-8213-E921A4D6CAD9}"
EndProject
Project("{E53339B2-1760-4266-BCC7-CA923CBCF16C}") = "docker-compose", "docker-compose.dcproj", "{FB816AFC-83F5-426E-9B31-D9229A1DC725}"
EndProject
Project("{9A19103F-16F7-4668-BE54-9A1E7A4F7556}") = "Conbent.WebApp", "src\WebApp\Conbent.WebApp.csproj", "{28006DE1-5BE2-4118-996E-684D4DC75611}"
EndProject
Project("{FAE04EC0-301F-11D3-BF4B-00C04F79EFBC}") = "WebHost", "src\WebHost\WebHost.csproj", "{043304D0-CB35-45A4-86BB-F6792A01F01D}"
EndProject
Global
	GlobalSection(SolutionConfigurationPlatforms) = preSolution
		Debug|Any CPU = Debug|Any CPU
		Release|Any CPU = Release|Any CPU
		WEB|Any CPU = WEB|Any CPU
	EndGlobalSection
	GlobalSection(ProjectConfigurationPlatforms) = postSolution
		{A46F01CE-A46E-4E20-919B-AF6F4EC29923}.Debug|Any CPU.ActiveCfg = Debug|Any CPU
		{A46F01CE-A46E-4E20-919B-AF6F4EC29923}.Debug|Any CPU.Build.0 = Debug|Any CPU
		{A46F01CE-A46E-4E20-919B-AF6F4EC29923}.Release|Any CPU.ActiveCfg = Release|Any CPU
		{A46F01CE-A46E-4E20-919B-AF6F4EC29923}.Release|Any CPU.Build.0 = Release|Any CPU
		{A46F01CE-A46E-4E20-919B-AF6F4EC29923}.WEB|Any CPU.ActiveCfg = Release|Any CPU
		{A46F01CE-A46E-4E20-919B-AF6F4EC29923}.WEB|Any CPU.Build.0 = Release|Any CPU
		{34D90FF4-1EA7-4132-A676-60601F9BEF88}.Debug|Any CPU.ActiveCfg = Debug|Any CPU
		{34D90FF4-1EA7-4132-A676-60601F9BEF88}.Debug|Any CPU.Build.0 = Debug|Any CPU
		{34D90FF4-1EA7-4132-A676-60601F9BEF88}.Release|Any CPU.ActiveCfg = Release|Any CPU
		{34D90FF4-1EA7-4132-A676-60601F9BEF88}.Release|Any CPU.Build.0 = Release|Any CPU
		{34D90FF4-1EA7-4132-A676-60601F9BEF88}.WEB|Any CPU.ActiveCfg = Release|Any CPU
		{34D90FF4-1EA7-4132-A676-60601F9BEF88}.WEB|Any CPU.Build.0 = Release|Any CPU
		{FEA3587C-32C2-4A09-8CC5-7807E6CC61D9}.Debug|Any CPU.ActiveCfg = Debug|Any CPU
		{FEA3587C-32C2-4A09-8CC5-7807E6CC61D9}.Debug|Any CPU.Build.0 = Debug|Any CPU
		{FEA3587C-32C2-4A09-8CC5-7807E6CC61D9}.Release|Any CPU.ActiveCfg = Release|Any CPU
		{FEA3587C-32C2-4A09-8CC5-7807E6CC61D9}.Release|Any CPU.Build.0 = Release|Any CPU
		{FEA3587C-32C2-4A09-8CC5-7807E6CC61D9}.WEB|Any CPU.ActiveCfg = Release|Any CPU
		{FEA3587C-32C2-4A09-8CC5-7807E6CC61D9}.WEB|Any CPU.Build.0 = Release|Any CPU
		{F1CC55C8-A7DE-4A7A-8A9B-0FCE9B657681}.Debug|Any CPU.ActiveCfg = Debug|Any CPU
		{F1CC55C8-A7DE-4A7A-8A9B-0FCE9B657681}.Debug|Any CPU.Build.0 = Debug|Any CPU
		{F1CC55C8-A7DE-4A7A-8A9B-0FCE9B657681}.Release|Any CPU.ActiveCfg = Release|Any CPU
		{F1CC55C8-A7DE-4A7A-8A9B-0FCE9B657681}.Release|Any CPU.Build.0 = Release|Any CPU
		{F1CC55C8-A7DE-4A7A-8A9B-0FCE9B657681}.WEB|Any CPU.ActiveCfg = Release|Any CPU
		{F1CC55C8-A7DE-4A7A-8A9B-0FCE9B657681}.WEB|Any CPU.Build.0 = Release|Any CPU
		{3A2A9977-3275-4F69-8CCB-3222D10D1DEE}.Debug|Any CPU.ActiveCfg = Debug|Any CPU
		{3A2A9977-3275-4F69-8CCB-3222D10D1DEE}.Debug|Any CPU.Build.0 = Debug|Any CPU
		{3A2A9977-3275-4F69-8CCB-3222D10D1DEE}.Release|Any CPU.ActiveCfg = Release|Any CPU
		{3A2A9977-3275-4F69-8CCB-3222D10D1DEE}.Release|Any CPU.Build.0 = Release|Any CPU
		{3A2A9977-3275-4F69-8CCB-3222D10D1DEE}.WEB|Any CPU.ActiveCfg = Debug|Any CPU
		{3A2A9977-3275-4F69-8CCB-3222D10D1DEE}.WEB|Any CPU.Build.0 = Debug|Any CPU
		{2DA2437C-F561-4EA7-8213-E921A4D6CAD9}.Debug|Any CPU.ActiveCfg = Debug|Any CPU
		{2DA2437C-F561-4EA7-8213-E921A4D6CAD9}.Debug|Any CPU.Build.0 = Debug|Any CPU
		{2DA2437C-F561-4EA7-8213-E921A4D6CAD9}.Release|Any CPU.ActiveCfg = Release|Any CPU
		{2DA2437C-F561-4EA7-8213-E921A4D6CAD9}.Release|Any CPU.Build.0 = Release|Any CPU
		{2DA2437C-F561-4EA7-8213-E921A4D6CAD9}.WEB|Any CPU.ActiveCfg = WEB|Any CPU
		{2DA2437C-F561-4EA7-8213-E921A4D6CAD9}.WEB|Any CPU.Build.0 = WEB|Any CPU
		{FB816AFC-83F5-426E-9B31-D9229A1DC725}.Debug|Any CPU.ActiveCfg = Debug|Any CPU
		{FB816AFC-83F5-426E-9B31-D9229A1DC725}.Debug|Any CPU.Build.0 = Debug|Any CPU
		{FB816AFC-83F5-426E-9B31-D9229A1DC725}.Release|Any CPU.ActiveCfg = Release|Any CPU
		{FB816AFC-83F5-426E-9B31-D9229A1DC725}.Release|Any CPU.Build.0 = Release|Any CPU
		{FB816AFC-83F5-426E-9B31-D9229A1DC725}.WEB|Any CPU.ActiveCfg = Release|Any CPU
		{FB816AFC-83F5-426E-9B31-D9229A1DC725}.WEB|Any CPU.Build.0 = Release|Any CPU
		{28006DE1-5BE2-4118-996E-684D4DC75611}.Debug|Any CPU.ActiveCfg = Debug|Any CPU
		{28006DE1-5BE2-4118-996E-684D4DC75611}.Debug|Any CPU.Build.0 = Debug|Any CPU
		{28006DE1-5BE2-4118-996E-684D4DC75611}.Release|Any CPU.ActiveCfg = Release|Any CPU
		{28006DE1-5BE2-4118-996E-684D4DC75611}.Release|Any CPU.Build.0 = Release|Any CPU
		{28006DE1-5BE2-4118-996E-684D4DC75611}.WEB|Any CPU.ActiveCfg = Debug|Any CPU
		{28006DE1-5BE2-4118-996E-684D4DC75611}.WEB|Any CPU.Build.0 = Debug|Any CPU
		{043304D0-CB35-45A4-86BB-F6792A01F01D}.Debug|Any CPU.ActiveCfg = Debug|Any CPU
		{043304D0-CB35-45A4-86BB-F6792A01F01D}.Debug|Any CPU.Build.0 = Debug|Any CPU
		{043304D0-CB35-45A4-86BB-F6792A01F01D}.Release|Any CPU.ActiveCfg = Release|Any CPU
		{043304D0-CB35-45A4-86BB-F6792A01F01D}.Release|Any CPU.Build.0 = Release|Any CPU
		{043304D0-CB35-45A4-86BB-F6792A01F01D}.WEB|Any CPU.ActiveCfg = Debug|Any CPU
		{043304D0-CB35-45A4-86BB-F6792A01F01D}.WEB|Any CPU.Build.0 = Debug|Any CPU
	EndGlobalSection
	GlobalSection(SolutionProperties) = preSolution
		HideSolutionNode = FALSE
	EndGlobalSection
	GlobalSection(NestedProjects) = preSolution
		{A46F01CE-A46E-4E20-919B-AF6F4EC29923} = {DF93C282-7B82-479A-AC1C-D6949A01FACA}
		{34D90FF4-1EA7-4132-A676-60601F9BEF88} = {DF93C282-7B82-479A-AC1C-D6949A01FACA}
		{FEA3587C-32C2-4A09-8CC5-7807E6CC61D9} = {DF93C282-7B82-479A-AC1C-D6949A01FACA}
		{F1CC55C8-A7DE-4A7A-8A9B-0FCE9B657681} = {DF93C282-7B82-479A-AC1C-D6949A01FACA}
		{3A2A9977-3275-4F69-8CCB-3222D10D1DEE} = {DF93C282-7B82-479A-AC1C-D6949A01FACA}
		{2DA2437C-F561-4EA7-8213-E921A4D6CAD9} = {99322108-8913-43E5-99FB-563A8911840B}
		{28006DE1-5BE2-4118-996E-684D4DC75611} = {99322108-8913-43E5-99FB-563A8911840B}
	EndGlobalSection
	GlobalSection(ExtensibilityGlobals) = postSolution
		SolutionGuid = {F619D159-F206-4935-B164-837670390A2C}
	EndGlobalSection
EndGlobal
