
Microsoft Visual Studio Solution File, Format Version 12.00
# Visual Studio Version 17
VisualStudioVersion = 17.3.32929.385
MinimumVisualStudioVersion = 10.0.40219.1
Project("{9A19103F-16F7-4668-BE54-9A1E7A4F7556}") = "Domain", "src\Domain\Domain.csproj", "{DD422F63-CFF8-4AAF-B387-B1A506015C5D}"
EndProject
Project("{9A19103F-16F7-4668-BE54-9A1E7A4F7556}") = "Application", "src\Application\Application.csproj", "{C0837337-EDED-4C54-95BC-E2BB1B0A0B69}"
EndProject
Project("{9A19103F-16F7-4668-BE54-9A1E7A4F7556}") = "Infrastructure", "src\Infrastructure\Infrastructure.csproj", "{169C0613-AF9A-4100-B4DA-2DB2898E9FC5}"
EndProject
Project("{9A19103F-16F7-4668-BE54-9A1E7A4F7556}") = "WebUi", "src\WebUI\WebUi.csproj", "{0A868DE9-1CA7-418D-ACE2-DDDCA7913D5E}"
EndProject
Global
	GlobalSection(SolutionConfigurationPlatforms) = preSolution
		Debug|Any CPU = Debug|Any CPU
		Debug|ConbentUI = Debug|ConbentUI
		Release|Any CPU = Release|Any CPU
		Release|ConbentUI = Release|ConbentUI
		WEB|Any CPU = WEB|Any CPU
		WEB|ConbentUI = WEB|ConbentUI
	EndGlobalSection
	GlobalSection(ProjectConfigurationPlatforms) = postSolution
		{DD422F63-CFF8-4AAF-B387-B1A506015C5D}.Debug|Any CPU.ActiveCfg = Debug|Any CPU
		{DD422F63-CFF8-4AAF-B387-B1A506015C5D}.Debug|Any CPU.Build.0 = Debug|Any CPU
		{DD422F63-CFF8-4AAF-B387-B1A506015C5D}.Debug|ConbentUI.ActiveCfg = Debug|Any CPU
		{DD422F63-CFF8-4AAF-B387-B1A506015C5D}.Debug|ConbentUI.Build.0 = Debug|Any CPU
		{DD422F63-CFF8-4AAF-B387-B1A506015C5D}.Release|Any CPU.ActiveCfg = Release|Any CPU
		{DD422F63-CFF8-4AAF-B387-B1A506015C5D}.Release|Any CPU.Build.0 = Release|Any CPU
		{DD422F63-CFF8-4AAF-B387-B1A506015C5D}.Release|ConbentUI.ActiveCfg = Release|Any CPU
		{DD422F63-CFF8-4AAF-B387-B1A506015C5D}.Release|ConbentUI.Build.0 = Release|Any CPU
		{DD422F63-CFF8-4AAF-B387-B1A506015C5D}.WEB|Any CPU.ActiveCfg = WEB|Any CPU
		{DD422F63-CFF8-4AAF-B387-B1A506015C5D}.WEB|Any CPU.Build.0 = WEB|Any CPU
		{DD422F63-CFF8-4AAF-B387-B1A506015C5D}.WEB|ConbentUI.ActiveCfg = WEB|Any CPU
		{C0837337-EDED-4C54-95BC-E2BB1B0A0B69}.Debug|Any CPU.ActiveCfg = Debug|Any CPU
		{C0837337-EDED-4C54-95BC-E2BB1B0A0B69}.Debug|Any CPU.Build.0 = Debug|Any CPU
		{C0837337-EDED-4C54-95BC-E2BB1B0A0B69}.Debug|ConbentUI.ActiveCfg = Debug|Any CPU
		{C0837337-EDED-4C54-95BC-E2BB1B0A0B69}.Debug|ConbentUI.Build.0 = Debug|Any CPU
		{C0837337-EDED-4C54-95BC-E2BB1B0A0B69}.Release|Any CPU.ActiveCfg = Release|Any CPU
		{C0837337-EDED-4C54-95BC-E2BB1B0A0B69}.Release|Any CPU.Build.0 = Release|Any CPU
		{C0837337-EDED-4C54-95BC-E2BB1B0A0B69}.Release|ConbentUI.ActiveCfg = Release|Any CPU
		{C0837337-EDED-4C54-95BC-E2BB1B0A0B69}.Release|ConbentUI.Build.0 = Release|Any CPU
		{C0837337-EDED-4C54-95BC-E2BB1B0A0B69}.WEB|Any CPU.ActiveCfg = WEB|Any CPU
		{C0837337-EDED-4C54-95BC-E2BB1B0A0B69}.WEB|Any CPU.Build.0 = WEB|Any CPU
		{C0837337-EDED-4C54-95BC-E2BB1B0A0B69}.WEB|ConbentUI.ActiveCfg = WEB|Any CPU
		{169C0613-AF9A-4100-B4DA-2DB2898E9FC5}.Debug|Any CPU.ActiveCfg = Debug|Any CPU
		{169C0613-AF9A-4100-B4DA-2DB2898E9FC5}.Debug|Any CPU.Build.0 = Debug|Any CPU
		{169C0613-AF9A-4100-B4DA-2DB2898E9FC5}.Debug|ConbentUI.ActiveCfg = Debug|Any CPU
		{169C0613-AF9A-4100-B4DA-2DB2898E9FC5}.Debug|ConbentUI.Build.0 = Debug|Any CPU
		{169C0613-AF9A-4100-B4DA-2DB2898E9FC5}.Release|Any CPU.ActiveCfg = Release|Any CPU
		{169C0613-AF9A-4100-B4DA-2DB2898E9FC5}.Release|Any CPU.Build.0 = Release|Any CPU
		{169C0613-AF9A-4100-B4DA-2DB2898E9FC5}.Release|ConbentUI.ActiveCfg = Release|Any CPU
		{169C0613-AF9A-4100-B4DA-2DB2898E9FC5}.Release|ConbentUI.Build.0 = Release|Any CPU
		{169C0613-AF9A-4100-B4DA-2DB2898E9FC5}.WEB|Any CPU.ActiveCfg = WEB|Any CPU
		{169C0613-AF9A-4100-B4DA-2DB2898E9FC5}.WEB|Any CPU.Build.0 = WEB|Any CPU
		{169C0613-AF9A-4100-B4DA-2DB2898E9FC5}.WEB|ConbentUI.ActiveCfg = WEB|Any CPU
		{0A868DE9-1CA7-418D-ACE2-DDDCA7913D5E}.Debug|Any CPU.ActiveCfg = Debug|Any CPU
		{0A868DE9-1CA7-418D-ACE2-DDDCA7913D5E}.Debug|Any CPU.Build.0 = Debug|Any CPU
		{0A868DE9-1CA7-418D-ACE2-DDDCA7913D5E}.Debug|ConbentUI.ActiveCfg = Debug|Any CPU
		{0A868DE9-1CA7-418D-ACE2-DDDCA7913D5E}.Debug|ConbentUI.Build.0 = Debug|Any CPU
		{0A868DE9-1CA7-418D-ACE2-DDDCA7913D5E}.Release|Any CPU.ActiveCfg = Release|Any CPU
		{0A868DE9-1CA7-418D-ACE2-DDDCA7913D5E}.Release|Any CPU.Build.0 = Release|Any CPU
		{0A868DE9-1CA7-418D-ACE2-DDDCA7913D5E}.Release|ConbentUI.ActiveCfg = Release|Any CPU
		{0A868DE9-1CA7-418D-ACE2-DDDCA7913D5E}.Release|ConbentUI.Build.0 = Release|Any CPU
		{0A868DE9-1CA7-418D-ACE2-DDDCA7913D5E}.WEB|Any CPU.ActiveCfg = WEB|Any CPU
		{0A868DE9-1CA7-418D-ACE2-DDDCA7913D5E}.WEB|Any CPU.Build.0 = WEB|Any CPU
		{0A868DE9-1CA7-418D-ACE2-DDDCA7913D5E}.WEB|ConbentUI.ActiveCfg = WEB|Any CPU
		{0A868DE9-1CA7-418D-ACE2-DDDCA7913D5E}.WEB|ConbentUI.Build.0 = WEB|Any CPU
	EndGlobalSection
	GlobalSection(SolutionProperties) = preSolution
		HideSolutionNode = FALSE
	EndGlobalSection
	GlobalSection(ExtensibilityGlobals) = postSolution
		SolutionGuid = {F619D159-F206-4935-B164-837670390A2C}
	EndGlobalSection
EndGlobal
